// !$*UTF8*$!
{
	archiveVersion = 1;
	classes = {
	};
	objectVersion = 46;
	objects = {

/* Begin PBXBuildFile section */
		8E01D1121C042540006EEC5B /* AppDelegate.swift in Sources */ = {isa = PBXBuildFile; fileRef = 8E01D1111C042540006EEC5B /* AppDelegate.swift */; };
		8E01D1141C042540006EEC5B /* ViewController.swift in Sources */ = {isa = PBXBuildFile; fileRef = 8E01D1131C042540006EEC5B /* ViewController.swift */; };
		8E01D1171C042540006EEC5B /* Main.storyboard in Resources */ = {isa = PBXBuildFile; fileRef = 8E01D1151C042540006EEC5B /* Main.storyboard */; };
		8E01D1191C042540006EEC5B /* Assets.xcassets in Resources */ = {isa = PBXBuildFile; fileRef = 8E01D1181C042540006EEC5B /* Assets.xcassets */; };
		8E01D11C1C042540006EEC5B /* LaunchScreen.storyboard in Resources */ = {isa = PBXBuildFile; fileRef = 8E01D11A1C042540006EEC5B /* LaunchScreen.storyboard */; };
/* End PBXBuildFile section */

/* Begin PBXFileReference section */
		8E01D10E1C042540006EEC5B /* Sample-LocalNotifications.app */ = {isa = PBXFileReference; explicitFileType = wrapper.application; includeInIndex = 0; path = "Sample-LocalNotifications.app"; sourceTree = BUILT_PRODUCTS_DIR; };
		8E01D1111C042540006EEC5B /* AppDelegate.swift */ = {isa = PBXFileReference; lastKnownFileType = sourcecode.swift; path = AppDelegate.swift; sourceTree = "<group>"; };
		8E01D1131C042540006EEC5B /* ViewController.swift */ = {isa = PBXFileReference; lastKnownFileType = sourcecode.swift; path = ViewController.swift; sourceTree = "<group>"; };
		8E01D1161C042540006EEC5B /* Base */ = {isa = PBXFileReference; lastKnownFileType = file.storyboard; name = Base; path = Base.lproj/Main.storyboard; sourceTree = "<group>"; };
		8E01D1181C042540006EEC5B /* Assets.xcassets */ = {isa = PBXFileReference; lastKnownFileType = folder.assetcatalog; path = Assets.xcassets; sourceTree = "<group>"; };
		8E01D11B1C042540006EEC5B /* Base */ = {isa = PBXFileReference; lastKnownFileType = file.storyboard; name = Base; path = Base.lproj/LaunchScreen.storyboard; sourceTree = "<group>"; };
		8E01D11D1C042540006EEC5B /* Info.plist */ = {isa = PBXFileReference; lastKnownFileType = text.plist.xml; path = Info.plist; sourceTree = "<group>"; };
/* End PBXFileReference section */

/* Begin PBXFrameworksBuildPhase section */
		8E01D10B1C042540006EEC5B /* Frameworks */ = {
			isa = PBXFrameworksBuildPhase;
			buildActionMask = 2147483647;
			files = (
			);
			runOnlyForDeploymentPostprocessing = 0;
		};
/* End PBXFrameworksBuildPhase section */

/* Begin PBXGroup section */
		8E01D1051C042540006EEC5B = {
			isa = PBXGroup;
			children = (
				8E01D1101C042540006EEC5B /* Sample-LocalNotifications */,
				8E01D10F1C042540006EEC5B /* Products */,
			);
			sourceTree = "<group>";
		};
		8E01D10F1C042540006EEC5B /* Products */ = {
			isa = PBXGroup;
			children = (
				8E01D10E1C042540006EEC5B /* Sample-LocalNotifications.app */,
			);
			name = Products;
			sourceTree = "<group>";
		};
		8E01D1101C042540006EEC5B /* Sample-LocalNotifications */ = {
			isa = PBXGroup;
			children = (
				8E01D1111C042540006EEC5B /* AppDelegate.swift */,
				8E01D1131C042540006EEC5B /* ViewController.swift */,
				8E01D1151C042540006EEC5B /* Main.storyboard */,
				8E01D1181C042540006EEC5B /* Assets.xcassets */,
				8E01D11A1C042540006EEC5B /* LaunchScreen.storyboard */,
				8E01D11D1C042540006EEC5B /* Info.plist */,
			);
			path = "Sample-LocalNotifications";
			sourceTree = "<group>";
		};
/* End PBXGroup section */

/* Begin PBXNativeTarget section */
		8E01D10D1C042540006EEC5B /* Sample-LocalNotifications */ = {
			isa = PBXNativeTarget;
			buildConfigurationList = 8E01D1201C042540006EEC5B /* Build configuration list for PBXNativeTarget "Sample-LocalNotifications" */;
			buildPhases = (
				8E01D10A1C042540006EEC5B /* Sources */,
				8E01D10B1C042540006EEC5B /* Frameworks */,
				8E01D10C1C042540006EEC5B /* Resources */,
			);
			buildRules = (
			);
			dependencies = (
			);
			name = "Sample-LocalNotifications";
			productName = "Sample-LocalNotifications";
			productReference = 8E01D10E1C042540006EEC5B /* Sample-LocalNotifications.app */;
			productType = "com.apple.product-type.application";
		};
/* End PBXNativeTarget section */

/* Begin PBXProject section */
		8E01D1061C042540006EEC5B /* Project object */ = {
			isa = PBXProject;
			attributes = {
				LastSwiftUpdateCheck = 0710;
				LastUpgradeCheck = 0710;
				ORGANIZATIONNAME = TechnophileIT;
				TargetAttributes = {
					8E01D10D1C042540006EEC5B = {
						CreatedOnToolsVersion = 7.1.1;
					};
				};
			};
			buildConfigurationList = 8E01D1091C042540006EEC5B /* Build configuration list for PBXProject "Sample-LocalNotifications" */;
			compatibilityVersion = "Xcode 3.2";
			developmentRegion = English;
			hasScannedForEncodings = 0;
			knownRegions = (
				en,
				Base,
			);
			mainGroup = 8E01D1051C042540006EEC5B;
			productRefGroup = 8E01D10F1C042540006EEC5B /* Products */;
			projectDirPath = "";
			projectRoot = "";
			targets = (
				8E01D10D1C042540006EEC5B /* Sample-LocalNotifications */,
			);
		};
/* End PBXProject section */

/* Begin PBXResourcesBuildPhase section */
		8E01D10C1C042540006EEC5B /* Resources */ = {
			isa = PBXResourcesBuildPhase;
			buildActionMask = 2147483647;
			files = (
				8E01D11C1C042540006EEC5B /* LaunchScreen.storyboard in Resources */,
				8E01D1191C042540006EEC5B /* Assets.xcassets in Resources */,
				8E01D1171C042540006EEC5B /* Main.storyboard in Resources */,
			);
			runOnlyForDeploymentPostprocessing = 0;
		};
/* End PBXResourcesBuildPhase section */

/* Begin PBXSourcesBuildPhase section */
		8E01D10A1C042540006EEC5B /* Sources */ = {
			isa = PBXSourcesBuildPhase;
			buildActionMask = 2147483647;
			files = (
				8E01D1141C042540006EEC5B /* ViewController.swift in Sources */,
				8E01D1121C042540006EEC5B /* AppDelegate.swift in Sources */,
			);
			runOnlyForDeploymentPostprocessing = 0;
		};
/* End PBXSourcesBuildPhase section */

/* Begin PBXVariantGroup section */
		8E01D1151C042540006EEC5B /* Main.storyboard */ = {
			isa = PBXVariantGroup;
			children = (
				8E01D1161C042540006EEC5B /* Base */,
			);
			name = Main.storyboard;
			sourceTree = "<group>";
		};
		8E01D11A1C042540006EEC5B /* LaunchScreen.storyboard */ = {
			isa = PBXVariantGroup;
			children = (
				8E01D11B1C042540006EEC5B /* Base */,
			);
			name = LaunchScreen.storyboard;
			sourceTree = "<group>";
		};
/* End PBXVariantGroup section */

/* Begin XCBuildConfiguration section */
		8E01D11E1C042540006EEC5B /* Debug */ = {
			isa = XCBuildConfiguration;
			buildSettings = {
				ALWAYS_SEARCH_USER_PATHS = NO;
				CLANG_CXX_LANGUAGE_STANDARD = "gnu++0x";
				CLANG_CXX_LIBRARY = "libc++";
				CLANG_ENABLE_MODULES = YES;
				CLANG_ENABLE_OBJC_ARC = YES;
				CLANG_WARN_BOOL_CONVERSION = YES;
				CLANG_WARN_CONSTANT_CONVERSION = YES;
				CLANG_WARN_DIRECT_OBJC_ISA_USAGE = YES_ERROR;
				CLANG_WARN_EMPTY_BODY = YES;
				CLANG_WARN_ENUM_CONVERSION = YES;
				CLANG_WARN_INT_CONVERSION = YES;
				CLANG_WARN_OBJC_ROOT_CLASS = YES_ERROR;
				CLANG_WARN_UNREACHABLE_CODE = YES;
				CLANG_WARN__DUPLICATE_METHOD_MATCH = YES;
				"CODE_SIGN_IDENTITY[sdk=iphoneos*]" = "iPhone Developer";
				COPY_PHASE_STRIP = NO;
				DEBUG_INFORMATION_FORMAT = dwarf;
				ENABLE_STRICT_OBJC_MSGSEND = YES;
				ENABLE_TESTABILITY = YES;
				GCC_C_LANGUAGE_STANDARD = gnu99;
				GCC_DYNAMIC_NO_PIC = NO;
				GCC_NO_COMMON_BLOCKS = YES;
				GCC_OPTIMIZATION_LEVEL = 0;
				GCC_PREPROCESSOR_DEFINITIONS = (
					"DEBUG=1",
					"$(inherited)",
				);
				GCC_WARN_64_TO_32_BIT_CONVERSION = YES;
				GCC_WARN_ABOUT_RETURN_TYPE = YES_ERROR;
				GCC_WARN_UNDECLARED_SELECTOR = YES;
				GCC_WARN_UNINITIALIZED_AUTOS = YES_AGGRESSIVE;
				GCC_WARN_UNUSED_FUNCTION = YES;
				GCC_WARN_UNUSED_VARIABLE = YES;
				IPHONEOS_DEPLOYMENT_TARGET = 9.1;
				MTL_ENABLE_DEBUG_INFO = YES;
				ONLY_ACTIVE_ARCH = YES;
				SDKROOT = iphoneos;
				SWIFT_OPTIMIZATION_LEVEL = "-Onone";
			};
			name = Debug;
		};
		8E01D11F1C042540006EEC5B /* Release */ = {
			isa = XCBuildConfiguration;
			buildSettings = {
				ALWAYS_SEARCH_USER_PATHS = NO;
				CLANG_CXX_LANGUAGE_STANDARD = "gnu++0x";
				CLANG_CXX_LIBRARY = "libc++";
				CLANG_ENABLE_MODULES = YES;
				CLANG_ENABLE_OBJC_ARC = YES;
				CLANG_WARN_BOOL_CONVERSION = YES;
				CLANG_WARN_CONSTANT_CONVERSION = YES;
				CLANG_WARN_DIRECT_OBJC_ISA_USAGE = YES_ERROR;
				CLANG_WARN_EMPTY_BODY = YES;
				CLANG_WARN_ENUM_CONVERSION = YES;
				CLANG_WARN_INT_CONVERSION = YES;
				CLANG_WARN_OBJC_ROOT_CLASS = YES_ERROR;
				CLANG_WARN_UNREACHABLE_CODE = YES;
				CLANG_WARN__DUPLICATE_METHOD_MATCH = YES;
				"CODE_SIGN_IDENTITY[sdk=iphoneos*]" = "iPhone Developer";
				COPY_PHASE_STRIP = NO;
				DEBUG_INFORMATION_FORMAT = "dwarf-with-dsym";
				ENABLE_NS_ASSERTIONS = NO;
				ENABLE_STRICT_OBJC_MSGSEND = YES;
				GCC_C_LANGUAGE_STANDARD = gnu99;
				GCC_NO_COMMON_BLOCKS = YES;
				GCC_WARN_64_TO_32_BIT_CONVERSION = YES;
				GCC_WARN_ABOUT_RETURN_TYPE = YES_ERROR;
				GCC_WARN_UNDECLARED_SELECTOR = YES;
				GCC_WARN_UNINITIALIZED_AUTOS = YES_AGGRESSIVE;
				GCC_WARN_UNUSED_FUNCTION = YES;
				GCC_WARN_UNUSED_VARIABLE = YES;
				IPHONEOS_DEPLOYMENT_TARGET = 9.1;
				MTL_ENABLE_DEBUG_INFO = NO;
				SDKROOT = iphoneos;
				VALIDATE_PRODUCT = YES;
			};
			name = Release;
		};
		8E01D1211C042540006EEC5B /* Debug */ = {
			isa = XCBuildConfiguration;
			buildSettings = {
				ASSETCATALOG_COMPILER_APPICON_NAME = AppIcon;
				INFOPLIST_FILE = "Sample-LocalNotifications/Info.plist";
				LD_RUNPATH_SEARCH_PATHS = "$(inherited) @executable_path/Frameworks";
				PRODUCT_BUNDLE_IDENTIFIER = "it.technophile.Sample-LocalNotifications";
				PRODUCT_NAME = "$(TARGET_NAME)";
			};
			name = Debug;
		};
		8E01D1221C042540006EEC5B /* Release */ = {
			isa = XCBuildConfiguration;
			buildSettings = {
				ASSETCATALOG_COMPILER_APPICON_NAME = AppIcon;
				INFOPLIST_FILE = "Sample-LocalNotifications/Info.plist";
				LD_RUNPATH_SEARCH_PATHS = "$(inherited) @executable_path/Frameworks";
				PRODUCT_BUNDLE_IDENTIFIER = "it.technophile.Sample-LocalNotifications";
				PRODUCT_NAME = "$(TARGET_NAME)";
			};
			name = Release;
		};
/* End XCBuildConfiguration section */

/* Begin XCConfigurationList section */
		8E01D1091C042540006EEC5B /* Build configuration list for PBXProject "Sample-LocalNotifications" */ = {
			isa = XCConfigurationList;
			buildConfigurations = (
				8E01D11E1C042540006EEC5B /* Debug */,
				8E01D11F1C042540006EEC5B /* Release */,
			);
			defaultConfigurationIsVisible = 0;
			defaultConfigurationName = Release;
		};
		8E01D1201C042540006EEC5B /* Build configuration list for PBXNativeTarget "Sample-LocalNotifications" */ = {
			isa = XCConfigurationList;
			buildConfigurations = (
				8E01D1211C042540006EEC5B /* Debug */,
				8E01D1221C042540006EEC5B /* Release */,
			);
			defaultConfigurationIsVisible = 0;
		};
/* End XCConfigurationList section */
	};
	rootObject = 8E01D1061C042540006EEC5B /* Project object */;
}
